{
    "_meta": {
        "hash": {
            "sha256": "33fa07eddffc05506824312da736b7f341a65e0acbc3bea13d7822362516fc6f"
        },
        "pipfile-spec": 6,
        "requires": {
            "python_version": "3.7"
        },
        "sources": [
            {
                "name": "pypi",
                "url": "https://pypi.org/simple",
                "verify_ssl": true
            }
        ]
    },
    "default": {
        "logbook": {
            "hashes": [
                "sha256:0cf2cdbfb65a03b5987d19109dacad13417809dcf697f66e1a7084fb21744ea9",
                "sha256:2dc85f1510533fddb481e97677bb7bca913560862734c0b3b289bfed04f78c92",
                "sha256:56ee54c11df3377314cedcd6507638f015b4b88c0238c2e01b5eb44fd3a6ad1b",
                "sha256:66f454ada0f56eae43066f604a222b09893f98c1adc18df169710761b8f32fe8",
                "sha256:7c533eb728b3d220b1b5414ba4635292d149d79f74f6973b4aa744c850ca944a",
                "sha256:8f76a2e7b1f72595f753228732f81ce342caf03babc3fed6bbdcf366f2f20f18",
                "sha256:94e2e11ff3c2304b0d09a36c6208e5ae756eb948b210e5cbd63cd8d27f911542",
                "sha256:97fee1bd9605f76335b169430ed65e15e457a844b2121bd1d90a08cf7e30aba0",
                "sha256:e18f7422214b1cf0240c56f884fd9c9b4ff9d0da2eabca9abccba56df7222f66"
            ],
            "index": "pypi",
            "version": "==1.5.3"
        },
        "python-json-logger": {
            "hashes": [
                "sha256:b7a31162f2a01965a5efb94453ce69230ed208468b0bbc7fdfc56e6d8df2e281"
            ],
            "index": "pypi",
            "version": "==0.1.11"
        }
    },
    "develop": {
        "attrs": {
            "hashes": [
                "sha256:08a96c641c3a74e44eb59afb61a24f2cb9f4d7188748e76ba4bb5edfa3cb7d1c",
                "sha256:f7b7ce16570fe9965acd6d30101a28f62fb4a7f9e926b3bbc9b61f8b04247e72"
            ],
            "version": "==19.3.0"
        },
        "importlib-metadata": {
            "hashes": [
                "sha256:aa18d7378b00b40847790e7c27e11673d7fed219354109d0e7b9e5b25dc3ad26",
                "sha256:d5f18a79777f3aa179c145737780282e27b508fc8fd688cb17c7a813e8bd39af"
            ],
            "markers": "python_version < '3.8'",
            "version": "==0.23"
        },
        "more-itertools": {
            "hashes": [
                "sha256:409cd48d4db7052af495b09dec721011634af3753ae1ef92d2b32f73a745f832",
                "sha256:92b8c4b06dac4f0611c0729b2f2ede52b2e1bac1ab48f089c7ddc12e26bb60c4"
            ],
            "version": "==7.2.0"
        },
        "packaging": {
            "hashes": [
                "sha256:28b924174df7a2fa32c1953825ff29c61e2f5e082343165438812f00d3a7fc47",
                "sha256:d9551545c6d761f3def1677baf08ab2a3ca17c56879e70fecba2fc4dde4ed108"
            ],
            "version": "==19.2"
        },
        "pluggy": {
            "hashes": [
                "sha256:15b2acde666561e1298d71b523007ed7364de07029219b604cf808bfa1c765b0",
                "sha256:966c145cd83c96502c3c3868f50408687b38434af77734af1e9ca461a4081d2d"
            ],
            "version": "==0.13.1"
        },
        "py": {
            "hashes": [
                "sha256:64f65755aee5b381cea27766a3a147c3f15b9b6b9ac88676de66ba2ae36793fa",
                "sha256:dc639b046a6e2cff5bbe40194ad65936d6ba360b52b3c3fe1d08a82dd50b5e53"
            ],
            "version": "==1.8.0"
        },
        "pyparsing": {
            "hashes": [
                "sha256:20f995ecd72f2a1f4bf6b072b63b22e2eb457836601e76d6e5dfcd75436acc1f",
                "sha256:4ca62001be367f01bd3e92ecbb79070272a9d4964dce6a48a82ff0b8bc7e683a"
            ],
            "version": "==2.4.5"
        },
        "pytest": {
            "hashes": [
                "sha256:63344a2e3bce2e4d522fd62b4fdebb647c019f1f9e4ca075debbd13219db4418",
                "sha256:f67403f33b2b1d25a6756184077394167fe5e2f9d8bdaab30707d19ccec35427"
            ],
            "index": "pypi",
            "version": "==5.3.1"
        },
        "six": {
            "hashes": [
                "sha256:1f1b7d42e254082a9db6279deae68afb421ceba6158efa6131de7b3003ee93fd",
                "sha256:30f610279e8b2578cab6db20741130331735c781b56053c59c4076da27f06b66"
            ],
            "version": "==1.13.0"
        },
        "wcwidth": {
            "hashes": [
                "sha256:3df37372226d6e63e1b1e1eda15c594bca98a22d33a23832a90998faa96bc65e",
                "sha256:f4ebe71925af7b40a864553f761ed559b43544f8f71746c2d756c7fe788ade7c"
            ],
            "version": "==0.1.7"
        },
        "zipp": {
            "hashes": [
                "sha256:3718b1cbcd963c7d4c5511a8240812904164b7f381b647143a89d3b98f9bcd8e",
                "sha256:f06903e9f1f43b12d371004b4ac7b06ab39a44adc747266928ae6debfa7b3335"
            ],
            "version": "==0.6.0"
        }
    }
}
